
Microsoft Visual Studio Solution File, Format Version 12.00
# Visual Studio 15
VisualStudioVersion = 15.0.28307.168
MinimumVisualStudioVersion = 10.0.40219.1
Project("{FAE04EC0-301F-11D3-BF4B-00C04F79EFBC}") = "BattleshipsWar", "BattleshipsWar\BattleshipsWar.csproj", "{FCCC3E87-557F-4755-9A76-759E4218C37A}"
EndProject
Project("{FAE04EC0-301F-11D3-BF4B-00C04F79EFBC}") = "BattleshipWarTest", "BattleshipWarTest\BattleshipWarTest.csproj", "{12044F20-CA4E-45CF-B01A-111002EFD619}"
EndProject
Global
	GlobalSection(SolutionConfigurationPlatforms) = preSolution
		Debug|Any CPU = Debug|Any CPU
		Release|Any CPU = Release|Any CPU
	EndGlobalSection
	GlobalSection(ProjectConfigurationPlatforms) = postSolution
		{FCCC3E87-557F-4755-9A76-759E4218C37A}.Debug|Any CPU.ActiveCfg = Debug|Any CPU
		{FCCC3E87-557F-4755-9A76-759E4218C37A}.Debug|Any CPU.Build.0 = Debug|Any CPU
		{FCCC3E87-557F-4755-9A76-759E4218C37A}.Release|Any CPU.ActiveCfg = Release|Any CPU
		{FCCC3E87-557F-4755-9A76-759E4218C37A}.Release|Any CPU.Build.0 = Release|Any CPU
		{12044F20-CA4E-45CF-B01A-111002EFD619}.Debug|Any CPU.ActiveCfg = Debug|Any CPU
		{12044F20-CA4E-45CF-B01A-111002EFD619}.Debug|Any CPU.Build.0 = Debug|Any CPU
		{12044F20-CA4E-45CF-B01A-111002EFD619}.Release|Any CPU.ActiveCfg = Release|Any CPU
		{12044F20-CA4E-45CF-B01A-111002EFD619}.Release|Any CPU.Build.0 = Release|Any CPU
	EndGlobalSection
	GlobalSection(SolutionProperties) = preSolution
		HideSolutionNode = FALSE
	EndGlobalSection
	GlobalSection(ExtensibilityGlobals) = postSolution
		SolutionGuid = {8A8B0037-CBE0-42C7-8D3D-B54F66716C9B}
	EndGlobalSection
EndGlobal
